
Microsoft Visual Studio Solution File, Format Version 12.00
# Visual Studio 15
VisualStudioVersion = 15.0.28307.421
MinimumVisualStudioVersion = 10.0.40219.1
Project("{FAE04EC0-301F-11D3-BF4B-00C04F79EFBC}") = "PrimalMediaManager", "PrimalMediaManager\PrimalMediaManager.csproj", "{ED53E14C-36A1-4D81-8E3E-00A0E2AB405C}"
EndProject
Project("{FAE04EC0-301F-11D3-BF4B-00C04F79EFBC}") = "MinimalManager", "MinimalManager\MinimalManager.csproj", "{E2DD7FB8-9A0A-43E0-B3EA-D185FD604A23}"
EndProject
Global
	GlobalSection(SolutionConfigurationPlatforms) = preSolution
		Debug|Any CPU = Debug|Any CPU
		Release|Any CPU = Release|Any CPU
	EndGlobalSection
	GlobalSection(ProjectConfigurationPlatforms) = postSolution
		{ED53E14C-36A1-4D81-8E3E-00A0E2AB405C}.Debug|Any CPU.ActiveCfg = Debug|Any CPU
		{ED53E14C-36A1-4D81-8E3E-00A0E2AB405C}.Debug|Any CPU.Build.0 = Debug|Any CPU
		{ED53E14C-36A1-4D81-8E3E-00A0E2AB405C}.Release|Any CPU.ActiveCfg = Release|Any CPU
		{ED53E14C-36A1-4D81-8E3E-00A0E2AB405C}.Release|Any CPU.Build.0 = Release|Any CPU
		{E2DD7FB8-9A0A-43E0-B3EA-D185FD604A23}.Debug|Any CPU.ActiveCfg = Debug|Any CPU
		{E2DD7FB8-9A0A-43E0-B3EA-D185FD604A23}.Debug|Any CPU.Build.0 = Debug|Any CPU
		{E2DD7FB8-9A0A-43E0-B3EA-D185FD604A23}.Release|Any CPU.ActiveCfg = Release|Any CPU
		{E2DD7FB8-9A0A-43E0-B3EA-D185FD604A23}.Release|Any CPU.Build.0 = Release|Any CPU
	EndGlobalSection
	GlobalSection(SolutionProperties) = preSolution
		HideSolutionNode = FALSE
	EndGlobalSection
	GlobalSection(ExtensibilityGlobals) = postSolution
		SolutionGuid = {CC526864-228F-457B-BE33-3F77B1C211FA}
	EndGlobalSection
EndGlobal
